<Solution>
  <Folder Name="/Tests/">
    <Project Path="Tests/Tenisu.Domain.Tests/Tenisu.Domain.Tests.csproj" />
  </Folder>
  <Project Path="Tenisu.Application/Tenisu.Application.csproj" />
  <Project Path="Tenisu.Domain/Tenisu.Domain.csproj" />
  <Project Path="Tenisu.Infrastructure/Tenisu.Infrastructure.csproj" />
  <Project Path="Tenisu.Web/Tenisu.Web.csproj" />
</Solution>
